
Microsoft Visual Studio Solution File, Format Version 12.00
# Visual Studio 2012
Project("{FAE04EC0-301F-11D3-BF4B-00C04F79EFBC}") = "MahApps.Metro.NET45", "ThirdPartyLibrary\MahApps.Metro\MahApps.Metro.NET45.csproj", "{942D11C4-29F5-46C4-8C14-4B976D56C637}"
EndProject
Project("{FAE04EC0-301F-11D3-BF4B-00C04F79EFBC}") = "MahApps.Metro.Resources", "ThirdPartyLibrary\MahApps.Metro.Resources\MahApps.Metro.Resources.csproj", "{E708AC99-605B-42A0-8D20-ABCA8FE42DD2}"
EndProject
Project("{2150E333-8FDC-42A3-9474-1A3956D46DE8}") = "ThirdPartyLibrary", "ThirdPartyLibrary", "{EF065702-F4A2-40AD-A01A-3957152C7C45}"
EndProject
Project("{FAE04EC0-301F-11D3-BF4B-00C04F79EFBC}") = "CommonHelperLibrary", "CommonHelperLibrary\CommonHelperLibrary.csproj", "{B6082E2B-E78E-49F6-A055-F8E055440FF6}"
EndProject
Project("{FAE04EC0-301F-11D3-BF4B-00C04F79EFBC}") = "CustomControlResources", "CustomControlResources\CustomControlResources.csproj", "{C0F93D06-8F96-452F-9CC8-BFBEFFF87858}"
EndProject
Project("{FAE04EC0-301F-11D3-BF4B-00C04F79EFBC}") = "MusicFmApplication", "MusicFmApplication\MusicFmApplication.csproj", "{7537F64F-DDE2-4C65-9B6B-FBE52F37A5C4}"
EndProject
Project("{FAE04EC0-301F-11D3-BF4B-00C04F79EFBC}") = "WPFLocalizeExtension", "ThirdPartyLibrary\WPFLocalizeExtension\WPFLocalizeExtension.csproj", "{E8C5B094-2CB4-4C26-87F0-351B03612179}"
EndProject
Project("{FAE04EC0-301F-11D3-BF4B-00C04F79EFBC}") = "Service", "Service\Service.csproj", "{57150EE1-7E83-4FF2-98F4-151BC19C3C7A}"
EndProject
Project("{2150E333-8FDC-42A3-9474-1A3956D46DE8}") = "Solution Items", "Solution Items", "{A03319C1-D113-4E61-B259-08B1A117AA28}"
	ProjectSection(SolutionItems) = preProject
		packages\HtmlAgilityPack.dll = packages\HtmlAgilityPack.dll
		packages\Microsoft.Practices.Prism.dll = packages\Microsoft.Practices.Prism.dll
		packages\System.Windows.Interactivity.dll = packages\System.Windows.Interactivity.dll
		packages\WPFSoundVisualizationLib.dll = packages\WPFSoundVisualizationLib.dll
	EndProjectSection
EndProject
Project("{2150E333-8FDC-42A3-9474-1A3956D46DE8}") = "Plugin", "Plugin", "{55401168-1E97-4AA7-8BD5-2310406EC97F}"
EndProject
Project("{FAE04EC0-301F-11D3-BF4B-00C04F79EFBC}") = "MvPlayer", "Plugin\MvApp\MvPlayer.csproj", "{A9D13B67-FD20-49A3-AB93-B6DC9046DB1A}"
EndProject
Project("{FAE04EC0-301F-11D3-BF4B-00C04F79EFBC}") = "FlvPlayer", "ThirdPartyLibrary\FlvPlayer\FlvPlayer.csproj", "{8A89D206-B22A-4FC6-80DF-A888EBEDBF7E}"
EndProject
Global
	GlobalSection(SolutionConfigurationPlatforms) = preSolution
		Debug|Any CPU = Debug|Any CPU
		Release|Any CPU = Release|Any CPU
	EndGlobalSection
	GlobalSection(ProjectConfigurationPlatforms) = postSolution
		{942D11C4-29F5-46C4-8C14-4B976D56C637}.Debug|Any CPU.ActiveCfg = Debug|Any CPU
		{942D11C4-29F5-46C4-8C14-4B976D56C637}.Debug|Any CPU.Build.0 = Debug|Any CPU
		{942D11C4-29F5-46C4-8C14-4B976D56C637}.Release|Any CPU.ActiveCfg = Release|Any CPU
		{942D11C4-29F5-46C4-8C14-4B976D56C637}.Release|Any CPU.Build.0 = Release|Any CPU
		{E708AC99-605B-42A0-8D20-ABCA8FE42DD2}.Debug|Any CPU.ActiveCfg = Debug|Any CPU
		{E708AC99-605B-42A0-8D20-ABCA8FE42DD2}.Debug|Any CPU.Build.0 = Debug|Any CPU
		{E708AC99-605B-42A0-8D20-ABCA8FE42DD2}.Release|Any CPU.ActiveCfg = Release|Any CPU
		{E708AC99-605B-42A0-8D20-ABCA8FE42DD2}.Release|Any CPU.Build.0 = Release|Any CPU
		{B6082E2B-E78E-49F6-A055-F8E055440FF6}.Debug|Any CPU.ActiveCfg = Debug|Any CPU
		{B6082E2B-E78E-49F6-A055-F8E055440FF6}.Debug|Any CPU.Build.0 = Debug|Any CPU
		{B6082E2B-E78E-49F6-A055-F8E055440FF6}.Release|Any CPU.ActiveCfg = Release|Any CPU
		{B6082E2B-E78E-49F6-A055-F8E055440FF6}.Release|Any CPU.Build.0 = Release|Any CPU
		{C0F93D06-8F96-452F-9CC8-BFBEFFF87858}.Debug|Any CPU.ActiveCfg = Debug|Any CPU
		{C0F93D06-8F96-452F-9CC8-BFBEFFF87858}.Debug|Any CPU.Build.0 = Debug|Any CPU
		{C0F93D06-8F96-452F-9CC8-BFBEFFF87858}.Release|Any CPU.ActiveCfg = Release|Any CPU
		{C0F93D06-8F96-452F-9CC8-BFBEFFF87858}.Release|Any CPU.Build.0 = Release|Any CPU
		{7537F64F-DDE2-4C65-9B6B-FBE52F37A5C4}.Debug|Any CPU.ActiveCfg = Debug|Any CPU
		{7537F64F-DDE2-4C65-9B6B-FBE52F37A5C4}.Debug|Any CPU.Build.0 = Debug|Any CPU
		{7537F64F-DDE2-4C65-9B6B-FBE52F37A5C4}.Release|Any CPU.ActiveCfg = Release|Any CPU
		{7537F64F-DDE2-4C65-9B6B-FBE52F37A5C4}.Release|Any CPU.Build.0 = Release|Any CPU
		{E8C5B094-2CB4-4C26-87F0-351B03612179}.Debug|Any CPU.ActiveCfg = Debug|Any CPU
		{E8C5B094-2CB4-4C26-87F0-351B03612179}.Debug|Any CPU.Build.0 = Debug|Any CPU
		{E8C5B094-2CB4-4C26-87F0-351B03612179}.Release|Any CPU.ActiveCfg = Release|Any CPU
		{E8C5B094-2CB4-4C26-87F0-351B03612179}.Release|Any CPU.Build.0 = Release|Any CPU
		{57150EE1-7E83-4FF2-98F4-151BC19C3C7A}.Debug|Any CPU.ActiveCfg = Debug|Any CPU
		{57150EE1-7E83-4FF2-98F4-151BC19C3C7A}.Debug|Any CPU.Build.0 = Debug|Any CPU
		{57150EE1-7E83-4FF2-98F4-151BC19C3C7A}.Release|Any CPU.ActiveCfg = Release|Any CPU
		{57150EE1-7E83-4FF2-98F4-151BC19C3C7A}.Release|Any CPU.Build.0 = Release|Any CPU
		{A9D13B67-FD20-49A3-AB93-B6DC9046DB1A}.Debug|Any CPU.ActiveCfg = Debug|Any CPU
		{A9D13B67-FD20-49A3-AB93-B6DC9046DB1A}.Debug|Any CPU.Build.0 = Debug|Any CPU
		{A9D13B67-FD20-49A3-AB93-B6DC9046DB1A}.Release|Any CPU.ActiveCfg = Release|Any CPU
		{A9D13B67-FD20-49A3-AB93-B6DC9046DB1A}.Release|Any CPU.Build.0 = Release|Any CPU
		{8A89D206-B22A-4FC6-80DF-A888EBEDBF7E}.Debug|Any CPU.ActiveCfg = Debug|Any CPU
		{8A89D206-B22A-4FC6-80DF-A888EBEDBF7E}.Debug|Any CPU.Build.0 = Debug|Any CPU
		{8A89D206-B22A-4FC6-80DF-A888EBEDBF7E}.Release|Any CPU.ActiveCfg = Release|Any CPU
		{8A89D206-B22A-4FC6-80DF-A888EBEDBF7E}.Release|Any CPU.Build.0 = Release|Any CPU
	EndGlobalSection
	GlobalSection(SolutionProperties) = preSolution
		HideSolutionNode = FALSE
	EndGlobalSection
	GlobalSection(NestedProjects) = preSolution
		{E708AC99-605B-42A0-8D20-ABCA8FE42DD2} = {EF065702-F4A2-40AD-A01A-3957152C7C45}
		{942D11C4-29F5-46C4-8C14-4B976D56C637} = {EF065702-F4A2-40AD-A01A-3957152C7C45}
		{E8C5B094-2CB4-4C26-87F0-351B03612179} = {EF065702-F4A2-40AD-A01A-3957152C7C45}
		{8A89D206-B22A-4FC6-80DF-A888EBEDBF7E} = {EF065702-F4A2-40AD-A01A-3957152C7C45}
		{A9D13B67-FD20-49A3-AB93-B6DC9046DB1A} = {55401168-1E97-4AA7-8BD5-2310406EC97F}
	EndGlobalSection
EndGlobal
